github.com/agl/ed25519 v0.0.0-20170116200512-5312a6153412 h1:w1UutsfOrms1J05zt7ISrnJIXKzwaspym5BTKGx93EI=
github.com/agl/ed25519 v0.0.0-20170116200512-5312a6153412/go.mod h1:WPjqKcmVOxf0XSf3YxCJs6N6AOSrOx3obionmG7T0y0=
github.com/lib/pq v1.0.0 h1:X5PMW56eZitiTeO7tKzZxFCSpbFZJtkMMooicw2us9A=
github.com/lib/pq v1.0.0/go.mod h1:5WUZQaWbwv1U+lTReE5YruASi9Al49XbQIvNi/34Woo=
github.com/pkg/errors v0.8.1 h1:iURUrRGxPUNPdy5/HRSm+Yj6okJ6UtLINN0Q9M4+h3I=
github.com/pkg/errors v0.8.1/go.mod h1:bwawxfHBFNV+L2hUp1rHADufV3IMtnDRdf1r5NINEl0=
github.com/stellar/go v0.0.0-20190102203926-6d51e38d27ee h1:EFyjdl/A9KWEMhieff6BhHa0ZgXU43cGYh3T7FqFQk0=
github.com/stellar/go v0.0.0-20190102203926-6d51e38d27ee/go.mod h1:Kkro8X6IWn/5XtSicGd6N2LZKMKUCWS5wS5Ctjh6+Vw=
github.com/stellar/go-xdr v0.0.0-20180917104419-0bc96f33a18e h1:n/hfey8pO+RYMoGXyvyzuw5pdO8IFDoyAL/g5OiCesY=
github.com/stellar/go-xdr v0.0.0-20180917104419-0bc96f33a18e/go.mod h1:gpOLVzy6TVYTQ3LvHSN9RJC700FkhFCpSE82u37aNRM=
